
Microsoft Visual Studio Solution File, Format Version 12.00
# Visual Studio Version 17
VisualStudioVersion = 17.7.34202.233
MinimumVisualStudioVersion = 10.0.40219.1
Project("{FAE04EC0-301F-11D3-BF4B-00C04F79EFBC}") = "LetMeFight", "BuyTroops\LetMeFight.csproj", "{450E072E-E95B-4D41-AA95-2B3887468026}"
EndProject
Global
	GlobalSection(SolutionConfigurationPlatforms) = preSolution
		Debug|Any CPU = Debug|Any CPU
		Debug|x64 = Debug|x64
		Release|Any CPU = Release|Any CPU
		Release|x64 = Release|x64
	EndGlobalSection
	GlobalSection(ProjectConfigurationPlatforms) = postSolution
		{450E072E-E95B-4D41-AA95-2B3887468026}.Debug|Any CPU.ActiveCfg = Debug|Any CPU
		{450E072E-E95B-4D41-AA95-2B3887468026}.Debug|Any CPU.Build.0 = Debug|Any CPU
		{450E072E-E95B-4D41-AA95-2B3887468026}.Debug|x64.ActiveCfg = Debug|x64
		{450E072E-E95B-4D41-AA95-2B3887468026}.Debug|x64.Build.0 = Debug|x64
		{450E072E-E95B-4D41-AA95-2B3887468026}.Release|Any CPU.ActiveCfg = Release|Any CPU
		{450E072E-E95B-4D41-AA95-2B3887468026}.Release|Any CPU.Build.0 = Release|Any CPU
		{450E072E-E95B-4D41-AA95-2B3887468026}.Release|x64.ActiveCfg = Release|x64
		{450E072E-E95B-4D41-AA95-2B3887468026}.Release|x64.Build.0 = Release|x64
	EndGlobalSection
	GlobalSection(SolutionProperties) = preSolution
		HideSolutionNode = FALSE
	EndGlobalSection
	GlobalSection(ExtensibilityGlobals) = postSolution
		SolutionGuid = {E1058A9A-B5AD-45A7-B381-4207A913C863}
	EndGlobalSection
EndGlobal
